
Microsoft Visual Studio Solution File, Format Version 12.00
# Visual Studio Version 16
VisualStudioVersion = 16.0.31605.320
MinimumVisualStudioVersion = 10.0.40219.1
Project("{FAE04EC0-301F-11D3-BF4B-00C04F79EFBC}") = "Core_Kitabliq", "Core_Kitabliq\Core_Kitabliq.csproj", "{8222C142-DF14-4F6E-970B-DFA42A1A6DBE}"
EndProject
Global
	GlobalSection(SolutionConfigurationPlatforms) = preSolution
		Debug|Any CPU = Debug|Any CPU
		Release|Any CPU = Release|Any CPU
	EndGlobalSection
	GlobalSection(ProjectConfigurationPlatforms) = postSolution
		{8222C142-DF14-4F6E-970B-DFA42A1A6DBE}.Debug|Any CPU.ActiveCfg = Debug|Any CPU
		{8222C142-DF14-4F6E-970B-DFA42A1A6DBE}.Debug|Any CPU.Build.0 = Debug|Any CPU
		{8222C142-DF14-4F6E-970B-DFA42A1A6DBE}.Release|Any CPU.ActiveCfg = Release|Any CPU
		{8222C142-DF14-4F6E-970B-DFA42A1A6DBE}.Release|Any CPU.Build.0 = Release|Any CPU
	EndGlobalSection
	GlobalSection(SolutionProperties) = preSolution
		HideSolutionNode = FALSE
	EndGlobalSection
	GlobalSection(ExtensibilityGlobals) = postSolution
		SolutionGuid = {499C5E99-D781-474D-910D-F20D01A37B7B}
	EndGlobalSection
EndGlobal
